
Microsoft Visual Studio Solution File, Format Version 12.00
# Visual Studio Version 17
VisualStudioVersion = 17.9.34728.123
MinimumVisualStudioVersion = 10.0.40219.1
Project("{FAE04EC0-301F-11D3-BF4B-00C04F79EFBC}") = "Model", "Model\Model.csproj", "{867B279F-95D1-4C32-AE76-B237255DE151}"
EndProject
Global
	GlobalSection(SolutionConfigurationPlatforms) = preSolution
		Debug|Any CPU = Debug|Any CPU
		Release|Any CPU = Release|Any CPU
	EndGlobalSection
	GlobalSection(ProjectConfigurationPlatforms) = postSolution
		{867B279F-95D1-4C32-AE76-B237255DE151}.Debug|Any CPU.ActiveCfg = Debug|Any CPU
		{867B279F-95D1-4C32-AE76-B237255DE151}.Debug|Any CPU.Build.0 = Debug|Any CPU
		{867B279F-95D1-4C32-AE76-B237255DE151}.Release|Any CPU.ActiveCfg = Release|Any CPU
		{867B279F-95D1-4C32-AE76-B237255DE151}.Release|Any CPU.Build.0 = Release|Any CPU
	EndGlobalSection
	GlobalSection(SolutionProperties) = preSolution
		HideSolutionNode = FALSE
	EndGlobalSection
	GlobalSection(ExtensibilityGlobals) = postSolution
		SolutionGuid = {0EACCE2D-0A7C-43D7-932E-C1D27FE4EBB3}
	EndGlobalSection
EndGlobal
